
Microsoft Visual Studio Solution File, Format Version 12.00
# Visual Studio 15
VisualStudioVersion = 15.0.26430.16
MinimumVisualStudioVersion = 10.0.40219.1
Project("{8BC9CEB8-8B4A-11D0-8D11-00A0C91BC942}") = "stream.socket", "stream.socket\stream.socket.vcxproj", "{93A8B912-5B10-4AB4-8E12-52B5055BC795}"
EndProject
Project("{8BC9CEB8-8B4A-11D0-8D11-00A0C91BC942}") = "memory.map", "memory.map\memory.map.vcxproj", "{11062C7E-39F8-4AEC-B96E-DB55654AC53B}"
EndProject
Project("{8BC9CEB8-8B4A-11D0-8D11-00A0C91BC942}") = "laser", "G:\OneDrive\Project\Local\Toolkit\library\laser\laser.vcxproj", "{30B26DB5-222F-4A5E-8CEE-7B33C03304A9}"
EndProject
Global
	GlobalSection(SolutionConfigurationPlatforms) = preSolution
		Debug|x64 = Debug|x64
		Debug|x86 = Debug|x86
		Release|x64 = Release|x64
		Release|x86 = Release|x86
	EndGlobalSection
	GlobalSection(ProjectConfigurationPlatforms) = postSolution
		{93A8B912-5B10-4AB4-8E12-52B5055BC795}.Debug|x64.ActiveCfg = Debug|x64
		{93A8B912-5B10-4AB4-8E12-52B5055BC795}.Debug|x64.Build.0 = Debug|x64
		{93A8B912-5B10-4AB4-8E12-52B5055BC795}.Debug|x86.ActiveCfg = Debug|Win32
		{93A8B912-5B10-4AB4-8E12-52B5055BC795}.Debug|x86.Build.0 = Debug|Win32
		{93A8B912-5B10-4AB4-8E12-52B5055BC795}.Release|x64.ActiveCfg = Release|x64
		{93A8B912-5B10-4AB4-8E12-52B5055BC795}.Release|x64.Build.0 = Release|x64
		{93A8B912-5B10-4AB4-8E12-52B5055BC795}.Release|x86.ActiveCfg = Release|Win32
		{93A8B912-5B10-4AB4-8E12-52B5055BC795}.Release|x86.Build.0 = Release|Win32
		{11062C7E-39F8-4AEC-B96E-DB55654AC53B}.Debug|x64.ActiveCfg = Debug|x64
		{11062C7E-39F8-4AEC-B96E-DB55654AC53B}.Debug|x64.Build.0 = Debug|x64
		{11062C7E-39F8-4AEC-B96E-DB55654AC53B}.Debug|x86.ActiveCfg = Debug|Win32
		{11062C7E-39F8-4AEC-B96E-DB55654AC53B}.Debug|x86.Build.0 = Debug|Win32
		{11062C7E-39F8-4AEC-B96E-DB55654AC53B}.Release|x64.ActiveCfg = Release|x64
		{11062C7E-39F8-4AEC-B96E-DB55654AC53B}.Release|x64.Build.0 = Release|x64
		{11062C7E-39F8-4AEC-B96E-DB55654AC53B}.Release|x86.ActiveCfg = Release|Win32
		{11062C7E-39F8-4AEC-B96E-DB55654AC53B}.Release|x86.Build.0 = Release|Win32
		{30B26DB5-222F-4A5E-8CEE-7B33C03304A9}.Debug|x64.ActiveCfg = Debug|x64
		{30B26DB5-222F-4A5E-8CEE-7B33C03304A9}.Debug|x64.Build.0 = Debug|x64
		{30B26DB5-222F-4A5E-8CEE-7B33C03304A9}.Debug|x86.ActiveCfg = Debug|Win32
		{30B26DB5-222F-4A5E-8CEE-7B33C03304A9}.Debug|x86.Build.0 = Debug|Win32
		{30B26DB5-222F-4A5E-8CEE-7B33C03304A9}.Release|x64.ActiveCfg = Release|x64
		{30B26DB5-222F-4A5E-8CEE-7B33C03304A9}.Release|x64.Build.0 = Release|x64
		{30B26DB5-222F-4A5E-8CEE-7B33C03304A9}.Release|x86.ActiveCfg = Release|Win32
		{30B26DB5-222F-4A5E-8CEE-7B33C03304A9}.Release|x86.Build.0 = Release|Win32
	EndGlobalSection
	GlobalSection(SolutionProperties) = preSolution
		HideSolutionNode = FALSE
	EndGlobalSection
EndGlobal
