
Microsoft Visual Studio Solution File, Format Version 12.00
# Visual Studio 15
VisualStudioVersion = 15.0.27004.2002
MinimumVisualStudioVersion = 10.0.40219.1
Project("{8BC9CEB8-8B4A-11D0-8D11-00A0C91BC942}") = "DiskIO", "DiskIO\DiskIO.vcxproj", "{818F7200-62B1-4ABA-835D-C0A914351CCF}"
EndProject
Project("{8BC9CEB8-8B4A-11D0-8D11-00A0C91BC942}") = "Interprocess", "Interprocess\Interprocess.vcxproj", "{C8658287-B29E-443B-86E8-9057259CE1D6}"
EndProject
Project("{8BC9CEB8-8B4A-11D0-8D11-00A0C91BC942}") = "MemoryMappedFile", "MemoryMappedFile\MemoryMappedFile.vcxproj", "{837FC850-2557-48B5-8037-8BD8C7A2679C}"
EndProject
Project("{8BC9CEB8-8B4A-11D0-8D11-00A0C91BC942}") = "XmlProcess", "XmlProcess\XmlProcess.vcxproj", "{85E57FD2-9E10-4CD7-91F4-31EFAFE025A7}"
EndProject
Project("{8BC9CEB8-8B4A-11D0-8D11-00A0C91BC942}") = "Test", "Test\Test.vcxproj", "{1BC1AF68-E46E-4EE6-BA35-4B4854EBF8EC}"
	ProjectSection(ProjectDependencies) = postProject
		{85E57FD2-9E10-4CD7-91F4-31EFAFE025A7} = {85E57FD2-9E10-4CD7-91F4-31EFAFE025A7}
	EndProjectSection
EndProject
Global
	GlobalSection(SolutionConfigurationPlatforms) = preSolution
		Debug|x64 = Debug|x64
		Debug|x86 = Debug|x86
		Release|x64 = Release|x64
		Release|x86 = Release|x86
	EndGlobalSection
	GlobalSection(ProjectConfigurationPlatforms) = postSolution
		{818F7200-62B1-4ABA-835D-C0A914351CCF}.Debug|x64.ActiveCfg = Debug|x64
		{818F7200-62B1-4ABA-835D-C0A914351CCF}.Debug|x64.Build.0 = Debug|x64
		{818F7200-62B1-4ABA-835D-C0A914351CCF}.Debug|x86.ActiveCfg = Debug|Win32
		{818F7200-62B1-4ABA-835D-C0A914351CCF}.Debug|x86.Build.0 = Debug|Win32
		{818F7200-62B1-4ABA-835D-C0A914351CCF}.Release|x64.ActiveCfg = Release|x64
		{818F7200-62B1-4ABA-835D-C0A914351CCF}.Release|x64.Build.0 = Release|x64
		{818F7200-62B1-4ABA-835D-C0A914351CCF}.Release|x86.ActiveCfg = Release|Win32
		{818F7200-62B1-4ABA-835D-C0A914351CCF}.Release|x86.Build.0 = Release|Win32
		{C8658287-B29E-443B-86E8-9057259CE1D6}.Debug|x64.ActiveCfg = Debug|x64
		{C8658287-B29E-443B-86E8-9057259CE1D6}.Debug|x64.Build.0 = Debug|x64
		{C8658287-B29E-443B-86E8-9057259CE1D6}.Debug|x86.ActiveCfg = Debug|Win32
		{C8658287-B29E-443B-86E8-9057259CE1D6}.Debug|x86.Build.0 = Debug|Win32
		{C8658287-B29E-443B-86E8-9057259CE1D6}.Release|x64.ActiveCfg = Release|x64
		{C8658287-B29E-443B-86E8-9057259CE1D6}.Release|x64.Build.0 = Release|x64
		{C8658287-B29E-443B-86E8-9057259CE1D6}.Release|x86.ActiveCfg = Release|Win32
		{C8658287-B29E-443B-86E8-9057259CE1D6}.Release|x86.Build.0 = Release|Win32
		{837FC850-2557-48B5-8037-8BD8C7A2679C}.Debug|x64.ActiveCfg = Debug|x64
		{837FC850-2557-48B5-8037-8BD8C7A2679C}.Debug|x64.Build.0 = Debug|x64
		{837FC850-2557-48B5-8037-8BD8C7A2679C}.Debug|x86.ActiveCfg = Debug|Win32
		{837FC850-2557-48B5-8037-8BD8C7A2679C}.Debug|x86.Build.0 = Debug|Win32
		{837FC850-2557-48B5-8037-8BD8C7A2679C}.Release|x64.ActiveCfg = Release|x64
		{837FC850-2557-48B5-8037-8BD8C7A2679C}.Release|x64.Build.0 = Release|x64
		{837FC850-2557-48B5-8037-8BD8C7A2679C}.Release|x86.ActiveCfg = Release|Win32
		{837FC850-2557-48B5-8037-8BD8C7A2679C}.Release|x86.Build.0 = Release|Win32
		{85E57FD2-9E10-4CD7-91F4-31EFAFE025A7}.Debug|x64.ActiveCfg = Debug|x64
		{85E57FD2-9E10-4CD7-91F4-31EFAFE025A7}.Debug|x64.Build.0 = Debug|x64
		{85E57FD2-9E10-4CD7-91F4-31EFAFE025A7}.Debug|x86.ActiveCfg = Debug|Win32
		{85E57FD2-9E10-4CD7-91F4-31EFAFE025A7}.Debug|x86.Build.0 = Debug|Win32
		{85E57FD2-9E10-4CD7-91F4-31EFAFE025A7}.Release|x64.ActiveCfg = Release|x64
		{85E57FD2-9E10-4CD7-91F4-31EFAFE025A7}.Release|x64.Build.0 = Release|x64
		{85E57FD2-9E10-4CD7-91F4-31EFAFE025A7}.Release|x86.ActiveCfg = Release|Win32
		{85E57FD2-9E10-4CD7-91F4-31EFAFE025A7}.Release|x86.Build.0 = Release|Win32
		{1BC1AF68-E46E-4EE6-BA35-4B4854EBF8EC}.Debug|x64.ActiveCfg = Debug|x64
		{1BC1AF68-E46E-4EE6-BA35-4B4854EBF8EC}.Debug|x64.Build.0 = Debug|x64
		{1BC1AF68-E46E-4EE6-BA35-4B4854EBF8EC}.Debug|x86.ActiveCfg = Debug|Win32
		{1BC1AF68-E46E-4EE6-BA35-4B4854EBF8EC}.Debug|x86.Build.0 = Debug|Win32
		{1BC1AF68-E46E-4EE6-BA35-4B4854EBF8EC}.Release|x64.ActiveCfg = Release|x64
		{1BC1AF68-E46E-4EE6-BA35-4B4854EBF8EC}.Release|x64.Build.0 = Release|x64
		{1BC1AF68-E46E-4EE6-BA35-4B4854EBF8EC}.Release|x86.ActiveCfg = Release|Win32
		{1BC1AF68-E46E-4EE6-BA35-4B4854EBF8EC}.Release|x86.Build.0 = Release|Win32
	EndGlobalSection
	GlobalSection(SolutionProperties) = preSolution
		HideSolutionNode = FALSE
	EndGlobalSection
	GlobalSection(ExtensibilityGlobals) = postSolution
		SolutionGuid = {E86F217F-CA95-4593-BD22-23622866B65D}
	EndGlobalSection
EndGlobal
