
Microsoft Visual Studio Solution File, Format Version 12.00
# Visual Studio 15
VisualStudioVersion = 15.0.26430.15
MinimumVisualStudioVersion = 10.0.40219.1
Project("{8BC9CEB8-8B4A-11D0-8D11-00A0C91BC942}") = "yuv2avc", "yuv2avc\yuv2avc.vcxproj", "{25BFA1E2-7E89-4CDB-8636-E3EB684D9700}"
EndProject
Project("{8BC9CEB8-8B4A-11D0-8D11-00A0C91BC942}") = "yuv2hevc", "yuv2hevc\yuv2hevc.vcxproj", "{99DCF38F-76A1-42B7-A334-FB35C3FAFB73}"
EndProject
Global
	GlobalSection(SolutionConfigurationPlatforms) = preSolution
		Debug|x64 = Debug|x64
		Debug|x86 = Debug|x86
		Release|x64 = Release|x64
		Release|x86 = Release|x86
	EndGlobalSection
	GlobalSection(ProjectConfigurationPlatforms) = postSolution
		{25BFA1E2-7E89-4CDB-8636-E3EB684D9700}.Debug|x64.ActiveCfg = Debug|x64
		{25BFA1E2-7E89-4CDB-8636-E3EB684D9700}.Debug|x64.Build.0 = Debug|x64
		{25BFA1E2-7E89-4CDB-8636-E3EB684D9700}.Debug|x86.ActiveCfg = Debug|Win32
		{25BFA1E2-7E89-4CDB-8636-E3EB684D9700}.Debug|x86.Build.0 = Debug|Win32
		{25BFA1E2-7E89-4CDB-8636-E3EB684D9700}.Release|x64.ActiveCfg = Release|x64
		{25BFA1E2-7E89-4CDB-8636-E3EB684D9700}.Release|x64.Build.0 = Release|x64
		{25BFA1E2-7E89-4CDB-8636-E3EB684D9700}.Release|x86.ActiveCfg = Release|Win32
		{25BFA1E2-7E89-4CDB-8636-E3EB684D9700}.Release|x86.Build.0 = Release|Win32
		{99DCF38F-76A1-42B7-A334-FB35C3FAFB73}.Debug|x64.ActiveCfg = Debug|x64
		{99DCF38F-76A1-42B7-A334-FB35C3FAFB73}.Debug|x64.Build.0 = Debug|x64
		{99DCF38F-76A1-42B7-A334-FB35C3FAFB73}.Debug|x86.ActiveCfg = Debug|Win32
		{99DCF38F-76A1-42B7-A334-FB35C3FAFB73}.Debug|x86.Build.0 = Debug|Win32
		{99DCF38F-76A1-42B7-A334-FB35C3FAFB73}.Release|x64.ActiveCfg = Release|x64
		{99DCF38F-76A1-42B7-A334-FB35C3FAFB73}.Release|x64.Build.0 = Release|x64
		{99DCF38F-76A1-42B7-A334-FB35C3FAFB73}.Release|x86.ActiveCfg = Release|Win32
		{99DCF38F-76A1-42B7-A334-FB35C3FAFB73}.Release|x86.Build.0 = Release|Win32
	EndGlobalSection
	GlobalSection(SolutionProperties) = preSolution
		HideSolutionNode = FALSE
	EndGlobalSection
EndGlobal
